
Microsoft Visual Studio Solution File, Format Version 12.00
# Visual Studio Version 16
VisualStudioVersion = 16.0.29311.281
MinimumVisualStudioVersion = 10.0.40219.1
Project("{8BC9CEB8-8B4A-11D0-8D11-00A0C91BC942}") = "projecrFor1DArrays", "projecrFor1DArrays.vcxproj", "{A888069F-EA93-47B6-88F3-40C77E4F671E}"
EndProject
Global
	GlobalSection(SolutionConfigurationPlatforms) = preSolution
		Debug|x64 = Debug|x64
		Debug|x86 = Debug|x86
		Release|x64 = Release|x64
		Release|x86 = Release|x86
	EndGlobalSection
	GlobalSection(ProjectConfigurationPlatforms) = postSolution
		{A888069F-EA93-47B6-88F3-40C77E4F671E}.Debug|x64.ActiveCfg = Debug|x64
		{A888069F-EA93-47B6-88F3-40C77E4F671E}.Debug|x64.Build.0 = Debug|x64
		{A888069F-EA93-47B6-88F3-40C77E4F671E}.Debug|x86.ActiveCfg = Debug|Win32
		{A888069F-EA93-47B6-88F3-40C77E4F671E}.Debug|x86.Build.0 = Debug|Win32
		{A888069F-EA93-47B6-88F3-40C77E4F671E}.Release|x64.ActiveCfg = Release|x64
		{A888069F-EA93-47B6-88F3-40C77E4F671E}.Release|x64.Build.0 = Release|x64
		{A888069F-EA93-47B6-88F3-40C77E4F671E}.Release|x86.ActiveCfg = Release|Win32
		{A888069F-EA93-47B6-88F3-40C77E4F671E}.Release|x86.Build.0 = Release|Win32
	EndGlobalSection
	GlobalSection(SolutionProperties) = preSolution
		HideSolutionNode = FALSE
	EndGlobalSection
	GlobalSection(ExtensibilityGlobals) = postSolution
		SolutionGuid = {B4A7B73D-B5A6-4C1D-9F36-95FBC488C260}
	EndGlobalSection
EndGlobal
